
Microsoft Visual Studio Solution File, Format Version 12.00
# Visual Studio Version 17
VisualStudioVersion = 17.12.35506.116 d17.12
MinimumVisualStudioVersion = 10.0.40219.1
Project("{FAE04EC0-301F-11D3-BF4B-00C04F79EFBC}") = "Presentation", "Presentation\Presentation.csproj", "{0E1D0B51-6F5F-49BB-8D31-BCA050100102}"
EndProject
Project("{FAE04EC0-301F-11D3-BF4B-00C04F79EFBC}") = "Data", "Data\Data.csproj", "{BD84018E-CAD7-46B0-B29E-866B72C94117}"
EndProject
Project("{FAE04EC0-301F-11D3-BF4B-00C04F79EFBC}") = "Business", "Business\Business.csproj", "{773535EC-7B57-4580-9C1F-2B2A3D4D88FC}"
EndProject
Global
	GlobalSection(SolutionConfigurationPlatforms) = preSolution
		Debug|Any CPU = Debug|Any CPU
		Release|Any CPU = Release|Any CPU
	EndGlobalSection
	GlobalSection(ProjectConfigurationPlatforms) = postSolution
		{0E1D0B51-6F5F-49BB-8D31-BCA050100102}.Debug|Any CPU.ActiveCfg = Debug|Any CPU
		{0E1D0B51-6F5F-49BB-8D31-BCA050100102}.Debug|Any CPU.Build.0 = Debug|Any CPU
		{0E1D0B51-6F5F-49BB-8D31-BCA050100102}.Release|Any CPU.ActiveCfg = Release|Any CPU
		{0E1D0B51-6F5F-49BB-8D31-BCA050100102}.Release|Any CPU.Build.0 = Release|Any CPU
		{BD84018E-CAD7-46B0-B29E-866B72C94117}.Debug|Any CPU.ActiveCfg = Debug|Any CPU
		{BD84018E-CAD7-46B0-B29E-866B72C94117}.Debug|Any CPU.Build.0 = Debug|Any CPU
		{BD84018E-CAD7-46B0-B29E-866B72C94117}.Release|Any CPU.ActiveCfg = Release|Any CPU
		{BD84018E-CAD7-46B0-B29E-866B72C94117}.Release|Any CPU.Build.0 = Release|Any CPU
		{773535EC-7B57-4580-9C1F-2B2A3D4D88FC}.Debug|Any CPU.ActiveCfg = Debug|Any CPU
		{773535EC-7B57-4580-9C1F-2B2A3D4D88FC}.Debug|Any CPU.Build.0 = Debug|Any CPU
		{773535EC-7B57-4580-9C1F-2B2A3D4D88FC}.Release|Any CPU.ActiveCfg = Release|Any CPU
		{773535EC-7B57-4580-9C1F-2B2A3D4D88FC}.Release|Any CPU.Build.0 = Release|Any CPU
	EndGlobalSection
	GlobalSection(SolutionProperties) = preSolution
		HideSolutionNode = FALSE
	EndGlobalSection
EndGlobal
